Microsoft Visual Studio Solution File, Format Version 12.00
# Visual Studio Version 16
VisualStudioVersion = 16.0.29123.89
MinimumVisualStudioVersion = 10.0.40219.1
Project("{FAE04EC0-301F-11D3-BF4B-00C04F79EFBC}") = "MiscGames.Android", "MiscGames.Android\MiscGames.Android.csproj", "{AA389C6D-0E2F-4B65-8A92-232A70B650B9}"
EndProject
Project("{9A19103F-16F7-4668-BE54-9A1E7A4F7556}") = "MiscGames", "MiscGames\MiscGames.csproj", "{54805759-D657-4DD0-94D6-4C830A2B08FE}"
EndProject
Project("{FAE04EC0-301F-11D3-BF4B-00C04F79EFBC}") = "MiscGames.WPF", "MiscGames.WPF\MiscGames.WPF.csproj", "{804B1926-2661-48BE-82BE-28B7646A6373}"
EndProject
Global
	GlobalSection(SolutionConfigurationPlatforms) = preSolution
		Debug|Any CPU = Debug|Any CPU
		Release|Any CPU = Release|Any CPU
	EndGlobalSection
	GlobalSection(ProjectConfigurationPlatforms) = postSolution
		{AA389C6D-0E2F-4B65-8A92-232A70B650B9}.Debug|Any CPU.ActiveCfg = Debug|Any CPU
		{AA389C6D-0E2F-4B65-8A92-232A70B650B9}.Debug|Any CPU.Build.0 = Debug|Any CPU
		{AA389C6D-0E2F-4B65-8A92-232A70B650B9}.Debug|Any CPU.Deploy.0 = Debug|Any CPU
		{AA389C6D-0E2F-4B65-8A92-232A70B650B9}.Release|Any CPU.ActiveCfg = Release|Any CPU
		{AA389C6D-0E2F-4B65-8A92-232A70B650B9}.Release|Any CPU.Build.0 = Release|Any CPU
		{AA389C6D-0E2F-4B65-8A92-232A70B650B9}.Release|Any CPU.Deploy.0 = Release|Any CPU
		{54805759-D657-4DD0-94D6-4C830A2B08FE}.Debug|Any CPU.ActiveCfg = Debug|Any CPU
		{54805759-D657-4DD0-94D6-4C830A2B08FE}.Debug|Any CPU.Build.0 = Debug|Any CPU
		{54805759-D657-4DD0-94D6-4C830A2B08FE}.Debug|Any CPU.Deploy.0 = Debug|Any CPU
		{54805759-D657-4DD0-94D6-4C830A2B08FE}.Release|Any CPU.ActiveCfg = Release|Any CPU
		{54805759-D657-4DD0-94D6-4C830A2B08FE}.Release|Any CPU.Build.0 = Release|Any CPU
		{54805759-D657-4DD0-94D6-4C830A2B08FE}.Release|Any CPU.Deploy.0 = Release|Any CPU
		{804B1926-2661-48BE-82BE-28B7646A6373}.Debug|Any CPU.ActiveCfg = Debug|Any CPU
		{804B1926-2661-48BE-82BE-28B7646A6373}.Debug|Any CPU.Build.0 = Debug|Any CPU
		{804B1926-2661-48BE-82BE-28B7646A6373}.Release|Any CPU.ActiveCfg = Release|Any CPU
		{804B1926-2661-48BE-82BE-28B7646A6373}.Release|Any CPU.Build.0 = Release|Any CPU
	EndGlobalSection
	GlobalSection(SolutionProperties) = preSolution
		HideSolutionNode = FALSE
	EndGlobalSection
	GlobalSection(ExtensibilityGlobals) = postSolution
		SolutionGuid = {0AF22CB9-AE38-4CBD-BB10-47006623C9EF}
	EndGlobalSection
EndGlobal
